{
  "name": "playwright-api-tests",
  "version": "1.0.0",
  "lockfileVersion": 3,
  "requires": true,
  "packages": {
    "": {
      "name": "playwright-api-tests",
      "version": "1.0.0",
      "license": "MIT",
      "dependencies": {
        "@playwright/test": "^1.38.0",
        "axios": "^0.21.4",
        "playwright": "^1.38.0"
      }
    },
    "node_modules/@playwright/test": {
      "version": "1.38.0",
      "resolved": "https://registry.npmjs.org/@playwright/test/-/test-1.38.0.tgz",
      "integrity": "sha512-xis/RXXsLxwThKnlIXouxmIvvT3zvQj1JE39GsNieMUrMpb3/GySHDh2j8itCG22qKVD4MYLBp7xB73cUW/UUw==",
      "dependencies": {
        "playwright": "1.38.0"
      },
      "bin": {
        "playwright": "cli.js"
      },
      "engines": {
        "node": ">=16"
      }
    },
    "node_modules/axios": {
      "version": "0.21.4",
      "resolved": "https://registry.npmjs.org/axios/-/axios-0.21.4.tgz",
      "integrity": "sha512-ut5vewkiu8jjGBdqpM44XxjuCjq9LAKeHVmoVfHVzy8eHgxxq8SbAVQNovDA8mVi05kP0Ea/n/UzcSHcTJQfNg==",
      "dependencies": {
        "follow-redirects": "^1.14.0"
      }
    },
    "node_modules/follow-redirects": {
      "version": "1.15.3",
      "resolved": "https://registry.npmjs.org/follow-redirects/-/follow-redirects-1.15.3.tgz",
      "integrity": "sha512-1VzOtuEM8pC9SFU1E+8KfTjZyMztRsgEfwQl44z8A25uy13jSzTj6dyK2Df52iV0vgHCfBwLhDWevLn95w5v6Q==",
      "funding": [
        {
          "type": "individual",
          "url": "https://github.com/sponsors/RubenVerborgh"
        }
      ],
      "engines": {
        "node": ">=4.0"
      },
      "peerDependenciesMeta": {
        "debug": {
          "optional": true
        }
      }
    },
    "node_modules/fsevents": {
      "version": "2.3.2",
      "resolved": "https://registry.npmjs.org/fsevents/-/fsevents-2.3.2.tgz",
      "integrity": "sha512-xiqMQR4xAeHTuB9uWm+fFRcIOgKBMiOBP+eXiyT7jsgVCq1bkVygt00oASowB7EdtpOHaaPgKt812P9ab+DDKA==",
      "hasInstallScript": true,
      "optional": true,
      "os": [
        "darwin"
      ],
      "engines": {
        "node": "^8.16.0 || ^10.6.0 || >=11.0.0"
      }
    },
    "node_modules/playwright": {
      "version": "1.38.0",
      "resolved": "https://registry.npmjs.org/playwright/-/playwright-1.38.0.tgz",
      "integrity": "sha512-fJGw+HO0YY+fU/F1N57DMO+TmXHTrmr905J05zwAQE9xkuwP/QLDk63rVhmyxh03dYnEhnRbsdbH9B0UVVRB3A==",
      "dependencies": {
        "playwright-core": "1.38.0"
      },
      "bin": {
        "playwright": "cli.js"
      },
      "engines": {
        "node": ">=16"
      },
      "optionalDependencies": {
        "fsevents": "2.3.2"
      }
    },
    "node_modules/playwright-core": {
      "version": "1.38.0",
      "resolved": "https://registry.npmjs.org/playwright-core/-/playwright-core-1.38.0.tgz",
      "integrity": "sha512-f8z1y8J9zvmHoEhKgspmCvOExF2XdcxMW8jNRuX4vkQFrzV4MlZ55iwb5QeyiFQgOFCUolXiRHgpjSEnqvO48g==",
      "bin": {
        "playwright-core": "cli.js"
      },
      "engines": {
        "node": ">=16"
      }
    }
  }
}
