# This file is autogenerated, do not edit; changes may be undone by the next 'dep ensure'.


[[projects]]
  branch = "master"
  digest = "1:34624033bc188a4e41a68c1ba6ca9b2650e8c5f2136c28045b18c9c503a749d1"
  name = "github.com/DataDog/sketches-go"
  packages = ["ddsketch"]
  pruneopts = "UT"
  revision = "43f19ad77ff73bc865c41f7e391ef4b23b82810a"

[[projects]]
  digest = "1:c4f0a05580fb5d27e1cc8f5723a8d33fd97590a931e845f23b104e05c02ea80b"
  name = "github.com/GoogleCloudPlatform/microservices-demo"
  packages = [
    "src/frontend/genproto",
    "src/frontend/money",
  ]
  pruneopts = "UT"
  revision = "c2095a7d4b8abd538251b705325d6a493a23e009"
  version = "v0.2.0"

[[projects]]
  digest = "1:4a32eb57407190eced21a21abee9ce4d4ab6f0bf113ca61cb1cb2d549a65c985"
  name = "github.com/golang/protobuf"
  packages = [
    "proto",
    "ptypes",
    "ptypes/any",
    "ptypes/duration",
    "ptypes/timestamp",
  ]
  pruneopts = "UT"
  revision = "d04d7b157bb510b1e0c10132224b616ac0e26b17"
  version = "v1.4.2"

[[projects]]
  digest = "1:582b704bebaa06b48c29b0cec224a6058a09c86883aaddabde889cd1a5f73e1b"
  name = "github.com/google/uuid"
  packages = ["."]
  pruneopts = "UT"
  revision = "0cd6bf5da1e1c83f8b45653022c74f71af0538a4"
  version = "v1.1.1"

[[projects]]
  digest = "1:25ebe6496abb289ef977c081b2d49f56dd97c32db4ca083d37f95923909ced02"
  name = "github.com/gorilla/mux"
  packages = ["."]
  pruneopts = "UT"
  revision = "75dcda0896e109a2a22c9315bca3bb21b87b2ba5"
  version = "v1.7.4"

[[projects]]
  digest = "1:09cb61dc19af93deae01587e2fdb1c081e0bf48f1a5ad5fa24f48750dc57dce8"
  name = "github.com/konsorten/go-windows-terminal-sequences"
  packages = ["."]
  pruneopts = "UT"
  revision = "edb144dfd453055e1e49a3d8b410a660b5a87613"
  version = "v1.0.3"

[[projects]]
  digest = "1:bab4c02110d6e662ea6dca649f80db67400129c2bcea41304d918854b8838961"
  name = "github.com/newrelic/newrelic-telemetry-sdk-go"
  packages = [
    "internal",
    "internal/jsonx",
    "telemetry",
  ]
  pruneopts = "UT"
  revision = "7fc7e6f1162231c49377e32b4952691a9b917c61"
  version = "v0.2.0"

[[projects]]
  branch = "master"
  digest = "1:3b7baa850bb6673ef29f615dc03dd55635a07906c7a2232d01cf20915d261231"
  name = "github.com/newrelic/opentelemetry-exporter-go"
  packages = [
    "newrelic",
    "newrelic/internal/transform",
  ]
  pruneopts = "UT"
  revision = "7832f2aad518cabbfabd00303231fc10652b827e"

[[projects]]
  digest = "1:9e1d37b58d17113ec3cb5608ac0382313c5b59470b94ed97d0976e69c7022314"
  name = "github.com/pkg/errors"
  packages = ["."]
  pruneopts = "UT"
  revision = "614d223910a179a466c1767a985424175c39b465"
  version = "v0.9.1"

[[projects]]
  digest = "1:05eebdd5727fea23083fce0d98d307d70c86baed644178e81608aaa9f09ea469"
  name = "github.com/sirupsen/logrus"
  packages = ["."]
  pruneopts = "UT"
  revision = "60c74ad9be0d874af0ab0daef6ab07c5c5911f0d"
  version = "v1.6.0"

[[projects]]
  digest = "1:9c0ec8d5d40bd1267cbf7cc4cac3b1f24a51aadbc523f852175c6a57222b9a4c"
  name = "go.opentelemetry.io/otel"
  packages = [
    "api/core",
    "api/correlation",
    "api/global",
    "api/global/internal",
    "api/key",
    "api/label",
    "api/metric",
    "api/metric/registry",
    "api/propagation",
    "api/trace",
    "api/unit",
    "exporters/trace/stdout",
    "internal/trace/parent",
    "plugin/grpctrace",
    "plugin/httptrace",
    "sdk",
    "sdk/export/metric",
    "sdk/export/metric/aggregator",
    "sdk/export/trace",
    "sdk/internal",
    "sdk/metric",
    "sdk/metric/aggregator/array",
    "sdk/metric/aggregator/ddsketch",
    "sdk/metric/aggregator/histogram",
    "sdk/metric/aggregator/minmaxsumcount",
    "sdk/metric/aggregator/sum",
    "sdk/metric/batcher/ungrouped",
    "sdk/metric/controller/push",
    "sdk/metric/selector/simple",
    "sdk/resource",
    "sdk/trace",
    "sdk/trace/internal",
  ]
  pruneopts = "UT"
  revision = "1de7f68bfc3b9d9f8e9c7f10ea231d0ee701c718"
  version = "v0.4.3"

[[projects]]
  branch = "master"
  digest = "1:81282d5d15c0b6102193c63269cb16c9a65b7fbd24bc6586ed26e5c6f309312c"
  name = "golang.org/x/net"
  packages = [
    "context",
    "http/httpguts",
    "http2",
    "http2/hpack",
    "idna",
    "internal/timeseries",
    "trace",
  ]
  pruneopts = "UT"
  revision = "a91f0712d120a21e49061d61eb6ba9b88cb0d376"

[[projects]]
  branch = "master"
  digest = "1:020620a097c2bfd056c8db7d31a69ea2cfed874ce985763dcd9ae00f9fa5f74b"
  name = "golang.org/x/sys"
  packages = [
    "internal/unsafeheader",
    "unix",
  ]
  pruneopts = "UT"
  revision = "417ce2331b5c91eea36730d3e1739adb75193be2"

[[projects]]
  digest = "1:8d8faad6b12a3a4c819a3f9618cb6ee1fa1cfc33253abeeea8b55336721e3405"
  name = "golang.org/x/text"
  packages = [
    "collate",
    "collate/build",
    "internal/colltab",
    "internal/gen",
    "internal/language",
    "internal/language/compact",
    "internal/tag",
    "internal/triegen",
    "internal/ucd",
    "language",
    "secure/bidirule",
    "transform",
    "unicode/bidi",
    "unicode/cldr",
    "unicode/norm",
    "unicode/rangetable",
  ]
  pruneopts = "UT"
  revision = "342b2e1fbaa52c93f31447ad2c6abc048c63e475"
  version = "v0.3.2"

[[projects]]
  branch = "master"
  digest = "1:7ac26fa764d15fdbc6a9b6de1d29fc0b38bbd485d24a2aa80add05a064ec6a04"
  name = "google.golang.org/genproto"
  packages = ["googleapis/rpc/status"]
  pruneopts = "UT"
  revision = "8feb7f20f2a2671fd688c5a98471562a85b208fd"

[[projects]]
  digest = "1:712fa3cb36bfb9e0d333e10f8dcb9b1e64aa2ec30cabed56c114b5e64d775823"
  name = "google.golang.org/grpc"
  packages = [
    ".",
    "attributes",
    "backoff",
    "balancer",
    "balancer/base",
    "balancer/roundrobin",
    "binarylog/grpc_binarylog_v1",
    "codes",
    "connectivity",
    "credentials",
    "credentials/internal",
    "encoding",
    "encoding/proto",
    "grpclog",
    "internal",
    "internal/backoff",
    "internal/balancerload",
    "internal/binarylog",
    "internal/buffer",
    "internal/channelz",
    "internal/envconfig",
    "internal/grpclog",
    "internal/grpcrand",
    "internal/grpcsync",
    "internal/grpcutil",
    "internal/resolver/dns",
    "internal/resolver/passthrough",
    "internal/status",
    "internal/syscall",
    "internal/transport",
    "keepalive",
    "metadata",
    "naming",
    "peer",
    "resolver",
    "serviceconfig",
    "stats",
    "status",
    "tap",
  ]
  pruneopts = "UT"
  revision = "754ee590a4f386d0910d887f3b8776354042260b"
  version = "v1.29.1"

[[projects]]
  digest = "1:0693f1182e1896fb3970135212ee3984814b56c571d865b2380ccb90ee9e05a8"
  name = "google.golang.org/protobuf"
  packages = [
    "encoding/prototext",
    "encoding/protowire",
    "internal/descfmt",
    "internal/descopts",
    "internal/detrand",
    "internal/encoding/defval",
    "internal/encoding/messageset",
    "internal/encoding/tag",
    "internal/encoding/text",
    "internal/errors",
    "internal/fieldnum",
    "internal/fieldsort",
    "internal/filedesc",
    "internal/filetype",
    "internal/flags",
    "internal/genname",
    "internal/impl",
    "internal/mapsort",
    "internal/pragma",
    "internal/set",
    "internal/strs",
    "internal/version",
    "proto",
    "reflect/protoreflect",
    "reflect/protoregistry",
    "runtime/protoiface",
    "runtime/protoimpl",
    "types/known/anypb",
    "types/known/durationpb",
    "types/known/timestamppb",
  ]
  pruneopts = "UT"
  revision = "d165be301fb1e13390ad453281ded24385fd8ebc"
  version = "v1.23.0"

[solve-meta]
  analyzer-name = "dep"
  analyzer-version = 1
  input-imports = [
    "github.com/GoogleCloudPlatform/microservices-demo/src/frontend/genproto",
    "github.com/GoogleCloudPlatform/microservices-demo/src/frontend/money",
    "github.com/golang/protobuf/proto",
    "github.com/google/uuid",
    "github.com/gorilla/mux",
    "github.com/newrelic/newrelic-telemetry-sdk-go/telemetry",
    "github.com/newrelic/opentelemetry-exporter-go/newrelic",
    "github.com/pkg/errors",
    "github.com/sirupsen/logrus",
    "go.opentelemetry.io/otel/api/correlation",
    "go.opentelemetry.io/otel/api/global",
    "go.opentelemetry.io/otel/api/key",
    "go.opentelemetry.io/otel/api/metric",
    "go.opentelemetry.io/otel/api/trace",
    "go.opentelemetry.io/otel/api/unit",
    "go.opentelemetry.io/otel/exporters/trace/stdout",
    "go.opentelemetry.io/otel/plugin/grpctrace",
    "go.opentelemetry.io/otel/plugin/httptrace",
    "go.opentelemetry.io/otel/sdk/metric/batcher/ungrouped",
    "go.opentelemetry.io/otel/sdk/metric/controller/push",
    "go.opentelemetry.io/otel/sdk/metric/selector/simple",
    "go.opentelemetry.io/otel/sdk/trace",
    "golang.org/x/net/context",
    "google.golang.org/grpc",
  ]
  solver-name = "gps-cdcl"
  solver-version = 1
